<?xml version="1.0" encoding="utf-8"?>
<Project ToolsVersion="4.0" xmlns="http://schemas.microsoft.com/developer/msbuild/2003">
  <ItemGroup>
    <Filter Include="Core">
      <UniqueIdentifier>{3313343e-f65b-418d-ab4e-135f451232da}</UniqueIdentifier>
    </Filter>
    <Filter Include="Core\System">
      <UniqueIdentifier>{eef281b3-2436-4811-9dbe-d7eff86427bf}</UniqueIdentifier>
    </Filter>
    <Filter Include="Core\System\Scenes">
      <UniqueIdentifier>{5b81d303-0022-4723-a598-54b95128af80}</UniqueIdentifier>
    </Filter>
    <Filter Include="Core\System\RenderSystems">
      <UniqueIdentifier>{481243f0-e902-489e-9dbd-97872eeebccc}</UniqueIdentifier>
    </Filter>
    <Filter Include="Components">
      <UniqueIdentifier>{9fedc41a-68bd-4d47-a9b7-6cd063529a25}</UniqueIdentifier>
    </Filter>
    <Filter Include="GameObjects">
      <UniqueIdentifier>{241442b7-d320-49d6-84ee-cf44892c25cc}</UniqueIdentifier>
    </Filter>
    <Filter Include="Input">
      <UniqueIdentifier>{a26a8b5f-e433-4cba-be78-da07f30ad5b1}</UniqueIdentifier>
    </Filter>
    <Filter Include="Shader">
      <UniqueIdentifier>{2f01c6dd-f86f-406e-a48f-d0e0da9e9274}</UniqueIdentifier>
    </Filter>
    <Filter Include="Utility">
      <UniqueIdentifier>{963767ae-c481-4739-8fd4-1ce8ed041a92}</UniqueIdentifier>
    </Filter>
    <Filter Include="WindowGLFW">
      <UniqueIdentifier>{202246a5-ea56-43e6-a926-8cb25d9d68fd}</UniqueIdentifier>
    </Filter>
    <Filter Include="GameObjects\Primitives">
      <UniqueIdentifier>{371d0cad-a620-40fe-b018-4e24788a9a82}</UniqueIdentifier>
    </Filter>
  </ItemGroup>
  <ItemGroup>
    <ClCompile Include="Core\System\Engine.cpp">
      <Filter>Core\System</Filter>
    </ClCompile>
    <ClCompile Include="main.cpp">
      <Filter>Core</Filter>
    </ClCompile>
    <ClCompile Include="Core\System\Buffer.cpp">
      <Filter>Core\System</Filter>
    </ClCompile>
    <ClCompile Include="Core\System\Descriptors.cpp">
      <Filter>Core\System</Filter>
    </ClCompile>
    <ClCompile Include="Core\System\Device.cpp">
      <Filter>Core\System</Filter>
    </ClCompile>
    <ClCompile Include="Core\System\Pipeline.cpp">
      <Filter>Core\System</Filter>
    </ClCompile>
    <ClCompile Include="Core\System\Renderer.cpp">
      <Filter>Core\System</Filter>
    </ClCompile>
    <ClCompile Include="Core\System\SwapChain.cpp">
      <Filter>Core\System</Filter>
    </ClCompile>
    <ClCompile Include="Core\System\RenderSystems\PointLightSystem.cpp">
      <Filter>Core\System\RenderSystems</Filter>
    </ClCompile>
    <ClCompile Include="Core\System\RenderSystems\SimpleRenderSystem.cpp">
      <Filter>Core\System\RenderSystems</Filter>
    </ClCompile>
    <ClCompile Include="Core\System\Scenes\DefaultScene.cpp">
      <Filter>Core\System\Scenes</Filter>
    </ClCompile>
    <ClCompile Include="Core\System\Scenes\LoadedModelScene.cpp">
      <Filter>Core\System\Scenes</Filter>
    </ClCompile>
    <ClCompile Include="Core\System\Scenes\Scene.cpp">
      <Filter>Core\System\Scenes</Filter>
    </ClCompile>
    <ClCompile Include="Components\Camera.cpp">
      <Filter>Components</Filter>
    </ClCompile>
    <ClCompile Include="Components\Mesh.cpp">
      <Filter>Components</Filter>
    </ClCompile>
    <ClCompile Include="Components\Texture.cpp">
      <Filter>Components</Filter>
    </ClCompile>
    <ClCompile Include="Components\Transform.cpp">
      <Filter>Components</Filter>
    </ClCompile>
    <ClCompile Include="GameObjects\GameObject.cpp">
      <Filter>GameObjects</Filter>
    </ClCompile>
    <ClCompile Include="GameObjects\Primitives\Cube.cpp">
      <Filter>GameObjects\Primitives</Filter>
    </ClCompile>
    <ClCompile Include="GameObjects\Primitives\LoadedVase.cpp">
      <Filter>GameObjects\Primitives</Filter>
    </ClCompile>
    <ClCompile Include="GameObjects\Primitives\Quad.cpp">
      <Filter>GameObjects\Primitives</Filter>
    </ClCompile>
    <ClCompile Include="Input\PlayerController.cpp">
      <Filter>Input</Filter>
    </ClCompile>
    <ClCompile Include="WindowGLFW\Window.cpp">
      <Filter>WindowGLFW</Filter>
    </ClCompile>
    <ClCompile Include="Utility\CoreStructs.cpp">
      <Filter>Utility</Filter>
    </ClCompile>
    <ClCompile Include="Utility\Utility.cpp">
      <Filter>Utility</Filter>
    </ClCompile>
  </ItemGroup>
  <ItemGroup>
    <ClInclude Include="Core\System\Engine.h">
      <Filter>Core\System</Filter>
    </ClInclude>
    <ClInclude Include="Core\System\Buffer.h">
      <Filter>Core\System</Filter>
    </ClInclude>
    <ClInclude Include="Core\System\Descriptors.h">
      <Filter>Core\System</Filter>
    </ClInclude>
    <ClInclude Include="Core\System\Device.h">
      <Filter>Core\System</Filter>
    </ClInclude>
    <ClInclude Include="Core\System\Pipeline.h">
      <Filter>Core\System</Filter>
    </ClInclude>
    <ClInclude Include="Core\System\Renderer.h">
      <Filter>Core\System</Filter>
    </ClInclude>
    <ClInclude Include="Core\System\SwapChain.h">
      <Filter>Core\System</Filter>
    </ClInclude>
    <ClInclude Include="Core\System\RenderSystems\PointLightSystem.h">
      <Filter>Core\System\RenderSystems</Filter>
    </ClInclude>
    <ClInclude Include="Core\System\RenderSystems\SimpleRenderSystem.h">
      <Filter>Core\System\RenderSystems</Filter>
    </ClInclude>
    <ClInclude Include="Core\System\Scenes\DefaultScene.h">
      <Filter>Core\System\Scenes</Filter>
    </ClInclude>
    <ClInclude Include="Core\System\Scenes\LoadedModelScene.h">
      <Filter>Core\System\Scenes</Filter>
    </ClInclude>
    <ClInclude Include="Core\System\Scenes\Scene.h">
      <Filter>Core\System\Scenes</Filter>
    </ClInclude>
    <ClInclude Include="Components\Camera.h">
      <Filter>Components</Filter>
    </ClInclude>
    <ClInclude Include="Components\Component.h">
      <Filter>Components</Filter>
    </ClInclude>
    <ClInclude Include="Components\Mesh.h">
      <Filter>Components</Filter>
    </ClInclude>
    <ClInclude Include="Components\Texture.h">
      <Filter>Components</Filter>
    </ClInclude>
    <ClInclude Include="Components\Transform.h">
      <Filter>Components</Filter>
    </ClInclude>
    <ClInclude Include="GameObjects\GameObject.h">
      <Filter>GameObjects</Filter>
    </ClInclude>
    <ClInclude Include="GameObjects\Primitives\Cube.h">
      <Filter>GameObjects\Primitives</Filter>
    </ClInclude>
    <ClInclude Include="GameObjects\Primitives\LoadedVase.h">
      <Filter>GameObjects\Primitives</Filter>
    </ClInclude>
    <ClInclude Include="GameObjects\Primitives\Quad.h">
      <Filter>GameObjects\Primitives</Filter>
    </ClInclude>
    <ClInclude Include="Input\PlayerController.h">
      <Filter>Input</Filter>
    </ClInclude>
    <ClInclude Include="WindowGLFW\Window.h">
      <Filter>WindowGLFW</Filter>
    </ClInclude>
    <ClInclude Include="Utility\CoreStructs.h">
      <Filter>Utility</Filter>
    </ClInclude>
    <ClInclude Include="Utility\Utility.h">
      <Filter>Utility</Filter>
    </ClInclude>
  </ItemGroup>
  <ItemGroup>
    <None Include="Shader\point_light_shader.frag">
      <Filter>Shader</Filter>
    </None>
    <None Include="Shader\point_light_shader.vert">
      <Filter>Shader</Filter>
    </None>
    <None Include="Shader\shader.frag">
      <Filter>Shader</Filter>
    </None>
    <None Include="Shader\shader.vert">
      <Filter>Shader</Filter>
    </None>
  </ItemGroup>
</Project>